
Microsoft Visual Studio Solution File, Format Version 12.00
# Visual Studio Version 17
VisualStudioVersion = 17.1.32228.430
MinimumVisualStudioVersion = 10.0.40219.1
Project("{FAE04EC0-301F-11D3-BF4B-00C04F79EFBC}") = "Fit_API", "Fit_API\Fit_API.csproj", "{C7AC1DE0-194D-460E-8374-5CD567C56E40}"
EndProject
Project("{FAE04EC0-301F-11D3-BF4B-00C04F79EFBC}") = "Fit_API.DataAccess", "Fit_API.DataAccess\Fit_API.DataAccess.csproj", "{AF010A3F-0B40-4F7E-8FDF-928FC36204A8}"
EndProject
Project("{FAE04EC0-301F-11D3-BF4B-00C04F79EFBC}") = "Fit_API.Models", "Fit_API.Models\Fit_API.Models.csproj", "{4ECD48CB-A009-42C4-BA85-F704E0B7EA39}"
EndProject
Project("{FAE04EC0-301F-11D3-BF4B-00C04F79EFBC}") = "Fit_API.Utilities", "Fit_API.Utilities\Fit_API.Utilities.csproj", "{16810921-3208-4256-B673-C8C240CCA3BA}"
EndProject
Global
	GlobalSection(SolutionConfigurationPlatforms) = preSolution
		Debug|Any CPU = Debug|Any CPU
		Release|Any CPU = Release|Any CPU
	EndGlobalSection
	GlobalSection(ProjectConfigurationPlatforms) = postSolution
		{C7AC1DE0-194D-460E-8374-5CD567C56E40}.Debug|Any CPU.ActiveCfg = Debug|Any CPU
		{C7AC1DE0-194D-460E-8374-5CD567C56E40}.Debug|Any CPU.Build.0 = Debug|Any CPU
		{C7AC1DE0-194D-460E-8374-5CD567C56E40}.Release|Any CPU.ActiveCfg = Release|Any CPU
		{C7AC1DE0-194D-460E-8374-5CD567C56E40}.Release|Any CPU.Build.0 = Release|Any CPU
		{AF010A3F-0B40-4F7E-8FDF-928FC36204A8}.Debug|Any CPU.ActiveCfg = Debug|Any CPU
		{AF010A3F-0B40-4F7E-8FDF-928FC36204A8}.Debug|Any CPU.Build.0 = Debug|Any CPU
		{AF010A3F-0B40-4F7E-8FDF-928FC36204A8}.Release|Any CPU.ActiveCfg = Release|Any CPU
		{AF010A3F-0B40-4F7E-8FDF-928FC36204A8}.Release|Any CPU.Build.0 = Release|Any CPU
		{4ECD48CB-A009-42C4-BA85-F704E0B7EA39}.Debug|Any CPU.ActiveCfg = Debug|Any CPU
		{4ECD48CB-A009-42C4-BA85-F704E0B7EA39}.Debug|Any CPU.Build.0 = Debug|Any CPU
		{4ECD48CB-A009-42C4-BA85-F704E0B7EA39}.Release|Any CPU.ActiveCfg = Release|Any CPU
		{4ECD48CB-A009-42C4-BA85-F704E0B7EA39}.Release|Any CPU.Build.0 = Release|Any CPU
		{16810921-3208-4256-B673-C8C240CCA3BA}.Debug|Any CPU.ActiveCfg = Debug|Any CPU
		{16810921-3208-4256-B673-C8C240CCA3BA}.Debug|Any CPU.Build.0 = Debug|Any CPU
		{16810921-3208-4256-B673-C8C240CCA3BA}.Release|Any CPU.ActiveCfg = Release|Any CPU
		{16810921-3208-4256-B673-C8C240CCA3BA}.Release|Any CPU.Build.0 = Release|Any CPU
	EndGlobalSection
	GlobalSection(SolutionProperties) = preSolution
		HideSolutionNode = FALSE
	EndGlobalSection
	GlobalSection(ExtensibilityGlobals) = postSolution
		SolutionGuid = {C62319FF-76F4-403F-AFEE-F1BFE7211FA2}
	EndGlobalSection
EndGlobal
